
Microsoft Visual Studio Solution File, Format Version 12.00
# Visual Studio Version 17
VisualStudioVersion = 17.5.002.0
MinimumVisualStudioVersion = 10.0.40219.1
Project("{2150E333-8FDC-42A3-9474-1A3956D46DE8}") = "csharp-prep", "csharp-prep", "{F6A1831E-5DD5-4531-A125-105A91B97260}"
EndProject
Project("{9A19103F-16F7-4668-BE54-9A1E7A4F7556}") = "Prep1", "csharp-prep\Prep1\Prep1.csproj", "{D485F65D-349A-427A-AA17-78C32C4E9B7A}"
EndProject
Project("{9A19103F-16F7-4668-BE54-9A1E7A4F7556}") = "Prep2", "csharp-prep\Prep2\Prep2.csproj", "{1BBFA224-0597-4D1F-B5D6-671041CF9A5E}"
EndProject
Project("{9A19103F-16F7-4668-BE54-9A1E7A4F7556}") = "Prep3", "csharp-prep\Prep3\Prep3.csproj", "{1CABC268-357B-4DDB-A19B-D6BE237407B2}"
EndProject
Project("{9A19103F-16F7-4668-BE54-9A1E7A4F7556}") = "Prep4", "csharp-prep\Prep4\Prep4.csproj", "{D0F9BD3C-139D-47BF-856B-692899D52003}"
EndProject
Project("{9A19103F-16F7-4668-BE54-9A1E7A4F7556}") = "Prep5", "csharp-prep\Prep5\Prep5.csproj", "{36890B53-AB0F-4251-AD16-AA3028FFFA75}"
EndProject
Project("{2150E333-8FDC-42A3-9474-1A3956D46DE8}") = "final", "final", "{19B234D4-42A1-4C6A-86D6-B5E12DCA78C0}"
EndProject
Project("{9A19103F-16F7-4668-BE54-9A1E7A4F7556}") = "FinalProject", "final\FinalProject\FinalProject.csproj", "{486FB45C-1B10-4876-A885-3A48335B78E0}"
EndProject
Project("{9A19103F-16F7-4668-BE54-9A1E7A4F7556}") = "Foundation1", "final\Foundation1\Foundation1.csproj", "{7696E79E-62D4-4295-9056-FF90101E9213}"
EndProject
Project("{9A19103F-16F7-4668-BE54-9A1E7A4F7556}") = "Foundation2", "final\Foundation2\Foundation2.csproj", "{7DC54453-AB54-40EC-8DD9-8A0C9039F464}"
EndProject
Project("{9A19103F-16F7-4668-BE54-9A1E7A4F7556}") = "Foundation3", "final\Foundation3\Foundation3.csproj", "{505FE7A3-A97E-43EB-8CF4-615BB1651C06}"
EndProject
Project("{9A19103F-16F7-4668-BE54-9A1E7A4F7556}") = "Foundation4", "final\Foundation4\Foundation4.csproj", "{8E78A479-55C9-4F76-A641-7846AA92F5E3}"
EndProject
Project("{2150E333-8FDC-42A3-9474-1A3956D46DE8}") = "prepare", "prepare", "{EC05668E-D081-41AB-88B1-0809FF4AA5C5}"
EndProject
Project("{9A19103F-16F7-4668-BE54-9A1E7A4F7556}") = "Learning02", "prepare\Learning02\Learning02.csproj", "{40EAD4F4-E21C-4698-B6C4-623F484A2DFF}"
EndProject
Project("{9A19103F-16F7-4668-BE54-9A1E7A4F7556}") = "Learning03", "prepare\Learning03\Learning03.csproj", "{8CF91F62-9CC2-4F60-8837-3BBE269DE9F6}"
EndProject
Project("{9A19103F-16F7-4668-BE54-9A1E7A4F7556}") = "Learning04", "prepare\Learning04\Learning04.csproj", "{B09BD67A-FE97-49C4-A25D-F174C2C229FD}"
EndProject
Project("{9A19103F-16F7-4668-BE54-9A1E7A4F7556}") = "Learning05", "prepare\Learning05\Learning05.csproj", "{D66CDB7C-DA02-4269-B4DD-732E7096B82C}"
EndProject
Project("{2150E333-8FDC-42A3-9474-1A3956D46DE8}") = "prove", "prove", "{619CBE8D-C2C7-4E19-8C16-7338479F6FA5}"
EndProject
Project("{9A19103F-16F7-4668-BE54-9A1E7A4F7556}") = "Develop02", "prove\Develop02\Develop02.csproj", "{71194822-5E30-4FEE-86C4-1E9AB6D99EE6}"
EndProject
Project("{9A19103F-16F7-4668-BE54-9A1E7A4F7556}") = "Develop03", "prove\Develop03\Develop03.csproj", "{C792DD73-69E2-48D0-8E7E-F655344DA4C6}"
EndProject
Project("{9A19103F-16F7-4668-BE54-9A1E7A4F7556}") = "Develop04", "prove\Develop04\Develop04.csproj", "{0092F6F4-BE2B-4C97-ADA0-AFD9A1A6C099}"
EndProject
Project("{9A19103F-16F7-4668-BE54-9A1E7A4F7556}") = "Develop05", "prove\Develop05\Develop05.csproj", "{88432596-0E8D-480D-B183-FE4F3CFE867E}"
EndProject
Project("{2150E333-8FDC-42A3-9474-1A3956D46DE8}") = "sandbox", "sandbox", "{DDD8F1EE-B000-4744-AC8A-2CB9BE954EC9}"
EndProject
Project("{9A19103F-16F7-4668-BE54-9A1E7A4F7556}") = "Sandbox", "sandbox\Sandbox\Sandbox.csproj", "{5D957BDA-563D-4772-8B53-7FC0CBE08525}"
EndProject
Global
	GlobalSection(SolutionConfigurationPlatforms) = preSolution
		Debug|Any CPU = Debug|Any CPU
		Release|Any CPU = Release|Any CPU
	EndGlobalSection
	GlobalSection(ProjectConfigurationPlatforms) = postSolution
		{D485F65D-349A-427A-AA17-78C32C4E9B7A}.Debug|Any CPU.ActiveCfg = Debug|Any CPU
		{D485F65D-349A-427A-AA17-78C32C4E9B7A}.Debug|Any CPU.Build.0 = Debug|Any CPU
		{D485F65D-349A-427A-AA17-78C32C4E9B7A}.Release|Any CPU.ActiveCfg = Release|Any CPU
		{D485F65D-349A-427A-AA17-78C32C4E9B7A}.Release|Any CPU.Build.0 = Release|Any CPU
		{1BBFA224-0597-4D1F-B5D6-671041CF9A5E}.Debug|Any CPU.ActiveCfg = Debug|Any CPU
		{1BBFA224-0597-4D1F-B5D6-671041CF9A5E}.Debug|Any CPU.Build.0 = Debug|Any CPU
		{1BBFA224-0597-4D1F-B5D6-671041CF9A5E}.Release|Any CPU.ActiveCfg = Release|Any CPU
		{1BBFA224-0597-4D1F-B5D6-671041CF9A5E}.Release|Any CPU.Build.0 = Release|Any CPU
		{1CABC268-357B-4DDB-A19B-D6BE237407B2}.Debug|Any CPU.ActiveCfg = Debug|Any CPU
		{1CABC268-357B-4DDB-A19B-D6BE237407B2}.Debug|Any CPU.Build.0 = Debug|Any CPU
		{1CABC268-357B-4DDB-A19B-D6BE237407B2}.Release|Any CPU.ActiveCfg = Release|Any CPU
		{1CABC268-357B-4DDB-A19B-D6BE237407B2}.Release|Any CPU.Build.0 = Release|Any CPU
		{D0F9BD3C-139D-47BF-856B-692899D52003}.Debug|Any CPU.ActiveCfg = Debug|Any CPU
		{D0F9BD3C-139D-47BF-856B-692899D52003}.Debug|Any CPU.Build.0 = Debug|Any CPU
		{D0F9BD3C-139D-47BF-856B-692899D52003}.Release|Any CPU.ActiveCfg = Release|Any CPU
		{D0F9BD3C-139D-47BF-856B-692899D52003}.Release|Any CPU.Build.0 = Release|Any CPU
		{36890B53-AB0F-4251-AD16-AA3028FFFA75}.Debug|Any CPU.ActiveCfg = Debug|Any CPU
		{36890B53-AB0F-4251-AD16-AA3028FFFA75}.Debug|Any CPU.Build.0 = Debug|Any CPU
		{36890B53-AB0F-4251-AD16-AA3028FFFA75}.Release|Any CPU.ActiveCfg = Release|Any CPU
		{36890B53-AB0F-4251-AD16-AA3028FFFA75}.Release|Any CPU.Build.0 = Release|Any CPU
		{486FB45C-1B10-4876-A885-3A48335B78E0}.Debug|Any CPU.ActiveCfg = Debug|Any CPU
		{486FB45C-1B10-4876-A885-3A48335B78E0}.Debug|Any CPU.Build.0 = Debug|Any CPU
		{486FB45C-1B10-4876-A885-3A48335B78E0}.Release|Any CPU.ActiveCfg = Release|Any CPU
		{486FB45C-1B10-4876-A885-3A48335B78E0}.Release|Any CPU.Build.0 = Release|Any CPU
		{7696E79E-62D4-4295-9056-FF90101E9213}.Debug|Any CPU.ActiveCfg = Debug|Any CPU
		{7696E79E-62D4-4295-9056-FF90101E9213}.Debug|Any CPU.Build.0 = Debug|Any CPU
		{7696E79E-62D4-4295-9056-FF90101E9213}.Release|Any CPU.ActiveCfg = Release|Any CPU
		{7696E79E-62D4-4295-9056-FF90101E9213}.Release|Any CPU.Build.0 = Release|Any CPU
		{7DC54453-AB54-40EC-8DD9-8A0C9039F464}.Debug|Any CPU.ActiveCfg = Debug|Any CPU
		{7DC54453-AB54-40EC-8DD9-8A0C9039F464}.Debug|Any CPU.Build.0 = Debug|Any CPU
		{7DC54453-AB54-40EC-8DD9-8A0C9039F464}.Release|Any CPU.ActiveCfg = Release|Any CPU
		{7DC54453-AB54-40EC-8DD9-8A0C9039F464}.Release|Any CPU.Build.0 = Release|Any CPU
		{505FE7A3-A97E-43EB-8CF4-615BB1651C06}.Debug|Any CPU.ActiveCfg = Debug|Any CPU
		{505FE7A3-A97E-43EB-8CF4-615BB1651C06}.Debug|Any CPU.Build.0 = Debug|Any CPU
		{505FE7A3-A97E-43EB-8CF4-615BB1651C06}.Release|Any CPU.ActiveCfg = Release|Any CPU
		{505FE7A3-A97E-43EB-8CF4-615BB1651C06}.Release|Any CPU.Build.0 = Release|Any CPU
		{8E78A479-55C9-4F76-A641-7846AA92F5E3}.Debug|Any CPU.ActiveCfg = Debug|Any CPU
		{8E78A479-55C9-4F76-A641-7846AA92F5E3}.Debug|Any CPU.Build.0 = Debug|Any CPU
		{8E78A479-55C9-4F76-A641-7846AA92F5E3}.Release|Any CPU.ActiveCfg = Release|Any CPU
		{8E78A479-55C9-4F76-A641-7846AA92F5E3}.Release|Any CPU.Build.0 = Release|Any CPU
		{40EAD4F4-E21C-4698-B6C4-623F484A2DFF}.Debug|Any CPU.ActiveCfg = Debug|Any CPU
		{40EAD4F4-E21C-4698-B6C4-623F484A2DFF}.Debug|Any CPU.Build.0 = Debug|Any CPU
		{40EAD4F4-E21C-4698-B6C4-623F484A2DFF}.Release|Any CPU.ActiveCfg = Release|Any CPU
		{40EAD4F4-E21C-4698-B6C4-623F484A2DFF}.Release|Any CPU.Build.0 = Release|Any CPU
		{8CF91F62-9CC2-4F60-8837-3BBE269DE9F6}.Debug|Any CPU.ActiveCfg = Debug|Any CPU
		{8CF91F62-9CC2-4F60-8837-3BBE269DE9F6}.Debug|Any CPU.Build.0 = Debug|Any CPU
		{8CF91F62-9CC2-4F60-8837-3BBE269DE9F6}.Release|Any CPU.ActiveCfg = Release|Any CPU
		{8CF91F62-9CC2-4F60-8837-3BBE269DE9F6}.Release|Any CPU.Build.0 = Release|Any CPU
		{B09BD67A-FE97-49C4-A25D-F174C2C229FD}.Debug|Any CPU.ActiveCfg = Debug|Any CPU
		{B09BD67A-FE97-49C4-A25D-F174C2C229FD}.Debug|Any CPU.Build.0 = Debug|Any CPU
		{B09BD67A-FE97-49C4-A25D-F174C2C229FD}.Release|Any CPU.ActiveCfg = Release|Any CPU
		{B09BD67A-FE97-49C4-A25D-F174C2C229FD}.Release|Any CPU.Build.0 = Release|Any CPU
		{D66CDB7C-DA02-4269-B4DD-732E7096B82C}.Debug|Any CPU.ActiveCfg = Debug|Any CPU
		{D66CDB7C-DA02-4269-B4DD-732E7096B82C}.Debug|Any CPU.Build.0 = Debug|Any CPU
		{D66CDB7C-DA02-4269-B4DD-732E7096B82C}.Release|Any CPU.ActiveCfg = Release|Any CPU
		{D66CDB7C-DA02-4269-B4DD-732E7096B82C}.Release|Any CPU.Build.0 = Release|Any CPU
		{71194822-5E30-4FEE-86C4-1E9AB6D99EE6}.Debug|Any CPU.ActiveCfg = Debug|Any CPU
		{71194822-5E30-4FEE-86C4-1E9AB6D99EE6}.Debug|Any CPU.Build.0 = Debug|Any CPU
		{71194822-5E30-4FEE-86C4-1E9AB6D99EE6}.Release|Any CPU.ActiveCfg = Release|Any CPU
		{71194822-5E30-4FEE-86C4-1E9AB6D99EE6}.Release|Any CPU.Build.0 = Release|Any CPU
		{C792DD73-69E2-48D0-8E7E-F655344DA4C6}.Debug|Any CPU.ActiveCfg = Debug|Any CPU
		{C792DD73-69E2-48D0-8E7E-F655344DA4C6}.Debug|Any CPU.Build.0 = Debug|Any CPU
		{C792DD73-69E2-48D0-8E7E-F655344DA4C6}.Release|Any CPU.ActiveCfg = Release|Any CPU
		{C792DD73-69E2-48D0-8E7E-F655344DA4C6}.Release|Any CPU.Build.0 = Release|Any CPU
		{0092F6F4-BE2B-4C97-ADA0-AFD9A1A6C099}.Debug|Any CPU.ActiveCfg = Debug|Any CPU
		{0092F6F4-BE2B-4C97-ADA0-AFD9A1A6C099}.Debug|Any CPU.Build.0 = Debug|Any CPU
		{0092F6F4-BE2B-4C97-ADA0-AFD9A1A6C099}.Release|Any CPU.ActiveCfg = Release|Any CPU
		{0092F6F4-BE2B-4C97-ADA0-AFD9A1A6C099}.Release|Any CPU.Build.0 = Release|Any CPU
		{88432596-0E8D-480D-B183-FE4F3CFE867E}.Debug|Any CPU.ActiveCfg = Debug|Any CPU
		{88432596-0E8D-480D-B183-FE4F3CFE867E}.Debug|Any CPU.Build.0 = Debug|Any CPU
		{88432596-0E8D-480D-B183-FE4F3CFE867E}.Release|Any CPU.ActiveCfg = Release|Any CPU
		{88432596-0E8D-480D-B183-FE4F3CFE867E}.Release|Any CPU.Build.0 = Release|Any CPU
		{5D957BDA-563D-4772-8B53-7FC0CBE08525}.Debug|Any CPU.ActiveCfg = Debug|Any CPU
		{5D957BDA-563D-4772-8B53-7FC0CBE08525}.Debug|Any CPU.Build.0 = Debug|Any CPU
		{5D957BDA-563D-4772-8B53-7FC0CBE08525}.Release|Any CPU.ActiveCfg = Release|Any CPU
		{5D957BDA-563D-4772-8B53-7FC0CBE08525}.Release|Any CPU.Build.0 = Release|Any CPU
	EndGlobalSection
	GlobalSection(SolutionProperties) = preSolution
		HideSolutionNode = FALSE
	EndGlobalSection
	GlobalSection(NestedProjects) = preSolution
		{D485F65D-349A-427A-AA17-78C32C4E9B7A} = {F6A1831E-5DD5-4531-A125-105A91B97260}
		{1BBFA224-0597-4D1F-B5D6-671041CF9A5E} = {F6A1831E-5DD5-4531-A125-105A91B97260}
		{1CABC268-357B-4DDB-A19B-D6BE237407B2} = {F6A1831E-5DD5-4531-A125-105A91B97260}
		{D0F9BD3C-139D-47BF-856B-692899D52003} = {F6A1831E-5DD5-4531-A125-105A91B97260}
		{36890B53-AB0F-4251-AD16-AA3028FFFA75} = {F6A1831E-5DD5-4531-A125-105A91B97260}
		{486FB45C-1B10-4876-A885-3A48335B78E0} = {19B234D4-42A1-4C6A-86D6-B5E12DCA78C0}
		{7696E79E-62D4-4295-9056-FF90101E9213} = {19B234D4-42A1-4C6A-86D6-B5E12DCA78C0}
		{7DC54453-AB54-40EC-8DD9-8A0C9039F464} = {19B234D4-42A1-4C6A-86D6-B5E12DCA78C0}
		{505FE7A3-A97E-43EB-8CF4-615BB1651C06} = {19B234D4-42A1-4C6A-86D6-B5E12DCA78C0}
		{8E78A479-55C9-4F76-A641-7846AA92F5E3} = {19B234D4-42A1-4C6A-86D6-B5E12DCA78C0}
		{40EAD4F4-E21C-4698-B6C4-623F484A2DFF} = {EC05668E-D081-41AB-88B1-0809FF4AA5C5}
		{8CF91F62-9CC2-4F60-8837-3BBE269DE9F6} = {EC05668E-D081-41AB-88B1-0809FF4AA5C5}
		{B09BD67A-FE97-49C4-A25D-F174C2C229FD} = {EC05668E-D081-41AB-88B1-0809FF4AA5C5}
		{D66CDB7C-DA02-4269-B4DD-732E7096B82C} = {EC05668E-D081-41AB-88B1-0809FF4AA5C5}
		{71194822-5E30-4FEE-86C4-1E9AB6D99EE6} = {619CBE8D-C2C7-4E19-8C16-7338479F6FA5}
		{C792DD73-69E2-48D0-8E7E-F655344DA4C6} = {619CBE8D-C2C7-4E19-8C16-7338479F6FA5}
		{0092F6F4-BE2B-4C97-ADA0-AFD9A1A6C099} = {619CBE8D-C2C7-4E19-8C16-7338479F6FA5}
		{88432596-0E8D-480D-B183-FE4F3CFE867E} = {619CBE8D-C2C7-4E19-8C16-7338479F6FA5}
		{5D957BDA-563D-4772-8B53-7FC0CBE08525} = {DDD8F1EE-B000-4744-AC8A-2CB9BE954EC9}
	EndGlobalSection
	GlobalSection(ExtensibilityGlobals) = postSolution
		SolutionGuid = {2974F46B-F7D4-4917-9A14-D3222BCDE4C8}
	EndGlobalSection
EndGlobal
